
Microsoft Visual Studio Solution File, Format Version 12.00
# Visual Studio Version 16
VisualStudioVersion = 16.0.31025.194
MinimumVisualStudioVersion = 10.0.40219.1
Project("{FAE04EC0-301F-11D3-BF4B-00C04F79EFBC}") = "GUI", "WindowsFormsApp11\GUI.csproj", "{1146EC38-4601-4664-B25D-1E9518736E34}"
EndProject
Project("{FAE04EC0-301F-11D3-BF4B-00C04F79EFBC}") = "BeeCrypt", "BeeCrypt\BeeCrypt.csproj", "{826B8557-EE31-4A37-B08D-65B93BF50ACF}"
EndProject
Global
	GlobalSection(SolutionConfigurationPlatforms) = preSolution
		Debug|Any CPU = Debug|Any CPU
		Release|Any CPU = Release|Any CPU
	EndGlobalSection
	GlobalSection(ProjectConfigurationPlatforms) = postSolution
		{1146EC38-4601-4664-B25D-1E9518736E34}.Debug|Any CPU.ActiveCfg = Debug|Any CPU
		{1146EC38-4601-4664-B25D-1E9518736E34}.Debug|Any CPU.Build.0 = Debug|Any CPU
		{1146EC38-4601-4664-B25D-1E9518736E34}.Release|Any CPU.ActiveCfg = Release|Any CPU
		{1146EC38-4601-4664-B25D-1E9518736E34}.Release|Any CPU.Build.0 = Release|Any CPU
		{826B8557-EE31-4A37-B08D-65B93BF50ACF}.Debug|Any CPU.ActiveCfg = Debug|Any CPU
		{826B8557-EE31-4A37-B08D-65B93BF50ACF}.Debug|Any CPU.Build.0 = Debug|Any CPU
		{826B8557-EE31-4A37-B08D-65B93BF50ACF}.Release|Any CPU.ActiveCfg = Release|Any CPU
		{826B8557-EE31-4A37-B08D-65B93BF50ACF}.Release|Any CPU.Build.0 = Release|Any CPU
	EndGlobalSection
	GlobalSection(SolutionProperties) = preSolution
		HideSolutionNode = FALSE
	EndGlobalSection
	GlobalSection(ExtensibilityGlobals) = postSolution
		SolutionGuid = {F30D7451-A200-43A2-BE05-CCB248D4F2D8}
	EndGlobalSection
EndGlobal
